
Microsoft Visual Studio Solution File, Format Version 12.00
# Visual Studio Version 17
VisualStudioVersion = 17.11.35222.181
MinimumVisualStudioVersion = 10.0.40219.1
Project("{FAE04EC0-301F-11D3-BF4B-00C04F79EFBC}") = "Tag1_04Visitor", "Tag1_04Visitor\Tag1_04Visitor.csproj", "{3715FDB2-11F3-42B2-A033-E990C26157B4}"
EndProject
Global
	GlobalSection(SolutionConfigurationPlatforms) = preSolution
		Debug|Any CPU = Debug|Any CPU
		Release|Any CPU = Release|Any CPU
	EndGlobalSection
	GlobalSection(ProjectConfigurationPlatforms) = postSolution
		{3715FDB2-11F3-42B2-A033-E990C26157B4}.Debug|Any CPU.ActiveCfg = Debug|Any CPU
		{3715FDB2-11F3-42B2-A033-E990C26157B4}.Debug|Any CPU.Build.0 = Debug|Any CPU
		{3715FDB2-11F3-42B2-A033-E990C26157B4}.Release|Any CPU.ActiveCfg = Release|Any CPU
		{3715FDB2-11F3-42B2-A033-E990C26157B4}.Release|Any CPU.Build.0 = Release|Any CPU
	EndGlobalSection
	GlobalSection(SolutionProperties) = preSolution
		HideSolutionNode = FALSE
	EndGlobalSection
	GlobalSection(ExtensibilityGlobals) = postSolution
		SolutionGuid = {E4C89CFD-9E84-465E-8D86-125A1FF1A856}
	EndGlobalSection
EndGlobal
