
Microsoft Visual Studio Solution File, Format Version 12.00
# Visual Studio Version 17
VisualStudioVersion = 17.11.35222.181
MinimumVisualStudioVersion = 10.0.40219.1
Project("{FAE04EC0-301F-11D3-BF4B-00C04F79EFBC}") = "Tag1_05State", "Tag1_05State\Tag1_05State.csproj", "{928C1D18-46EA-4452-8521-0A4C44EF80B4}"
EndProject
Global
	GlobalSection(SolutionConfigurationPlatforms) = preSolution
		Debug|Any CPU = Debug|Any CPU
		Release|Any CPU = Release|Any CPU
	EndGlobalSection
	GlobalSection(ProjectConfigurationPlatforms) = postSolution
		{928C1D18-46EA-4452-8521-0A4C44EF80B4}.Debug|Any CPU.ActiveCfg = Debug|Any CPU
		{928C1D18-46EA-4452-8521-0A4C44EF80B4}.Debug|Any CPU.Build.0 = Debug|Any CPU
		{928C1D18-46EA-4452-8521-0A4C44EF80B4}.Release|Any CPU.ActiveCfg = Release|Any CPU
		{928C1D18-46EA-4452-8521-0A4C44EF80B4}.Release|Any CPU.Build.0 = Release|Any CPU
	EndGlobalSection
	GlobalSection(SolutionProperties) = preSolution
		HideSolutionNode = FALSE
	EndGlobalSection
	GlobalSection(ExtensibilityGlobals) = postSolution
		SolutionGuid = {D0C32C56-7C4B-416F-9CE1-4C1BFCB38D8F}
	EndGlobalSection
EndGlobal
